hash: 1ea106789aad3997e56320eb4a90b2dd6f5fe275f3ab3b999818bc1154acca16
updated: 2017-02-06T11:45:00.302814508Z
imports:
- name: github.com/cubex/proto
  version: 38aea3dc75f3adc8d813f992856f3ab6f25be17b
  repo: https://github.com/cubex/proto.git
  vcs: git
- name: github.com/golang/protobuf
  version: 8ee79997227bf9b34611aee7946ae64735e6fd93
  subpackages:
  - proto
  - ptypes/duration
  - ptypes/timestamp
- name: golang.org/x/net
  version: 236b8f043b920452504e263bc21d354427127473
  subpackages:
  - context
  - http2
  - http2/hpack
  - idna
  - internal/timeseries
  - lex/httplex
  - trace
- name: google.golang.org/grpc
  version: 777daa17ff9b5daef1cfdf915088a2ada3332bf0
  subpackages:
  - codes
  - credentials
  - grpclog
  - internal
  - metadata
  - naming
  - peer
  - transport
testImports: []
