hash: 1ea106789aad3997e56320eb4a90b2dd6f5fe275f3ab3b999818bc1154acca16
updated: 2017-01-30T15:50:45.263830368Z
imports:
- name: github.com/cubex/proto
  version: 0ea51fc771335b0c0f6400a7555c262b421a62f3
  repo: https://github.com/cubex/proto.git
  vcs: git
- name: github.com/golang/protobuf
  version: 8ee79997227bf9b34611aee7946ae64735e6fd93
  subpackages:
  - proto
  - ptypes/duration
  - ptypes/timestamp
- name: golang.org/x/net
  version: f2499483f923065a842d38eb4c7f1927e6fc6e6d
  subpackages:
  - context
  - http2
  - http2/hpack
  - idna
  - internal/timeseries
  - lex/httplex
  - trace
- name: google.golang.org/grpc
  version: 777daa17ff9b5daef1cfdf915088a2ada3332bf0
  subpackages:
  - codes
  - credentials
  - grpclog
  - internal
  - metadata
  - naming
  - peer
  - transport
testImports: []
